
Microsoft Visual Studio Solution File, Format Version 12.00
# Visual Studio 14
VisualStudioVersion = 14.0.25420.1
MinimumVisualStudioVersion = 10.0.40219.1
Project("{FAE04EC0-301F-11D3-BF4B-00C04F79EFBC}") = "PeerExForLoops", "PeerExForLoops\PeerExForLoops.csproj", "{971E0430-2DA4-41A2-82CA-8F3AC04E9FCA}"
EndProject
Global
	GlobalSection(SolutionConfigurationPlatforms) = preSolution
		Debug|Any CPU = Debug|Any CPU
		Release|Any CPU = Release|Any CPU
	EndGlobalSection
	GlobalSection(ProjectConfigurationPlatforms) = postSolution
		{971E0430-2DA4-41A2-82CA-8F3AC04E9FCA}.Debug|Any CPU.ActiveCfg = Debug|Any CPU
		{971E0430-2DA4-41A2-82CA-8F3AC04E9FCA}.Debug|Any CPU.Build.0 = Debug|Any CPU
		{971E0430-2DA4-41A2-82CA-8F3AC04E9FCA}.Release|Any CPU.ActiveCfg = Release|Any CPU
		{971E0430-2DA4-41A2-82CA-8F3AC04E9FCA}.Release|Any CPU.Build.0 = Release|Any CPU
	EndGlobalSection
	GlobalSection(SolutionProperties) = preSolution
		HideSolutionNode = FALSE
	EndGlobalSection
EndGlobal
